// !$*UTF8*$!
{
	archiveVersion = 1;
	classes = {
	};
	objectVersion = 46;
	objects = {

/* Begin PBXBuildFile section */
		6C25923A1F4D8DFD004F094D /* main.m in Sources */ = {isa = PBXBuildFile; fileRef = 6C2592391F4D8DFD004F094D /* main.m */; };
		6C25923D1F4D8DFD004F094D /* AppDelegate.m in Sources */ = {isa = PBXBuildFile; fileRef = 6C25923C1F4D8DFD004F094D /* AppDelegate.m */; };
		6C2592401F4D8DFD004F094D /* ViewController.m in Sources */ = {isa = PBXBuildFile; fileRef = 6C25923F1F4D8DFD004F094D /* ViewController.m */; };
		6C2592431F4D8DFD004F094D /* Main.storyboard in Resources */ = {isa = PBXBuildFile; fileRef = 6C2592411F4D8DFD004F094D /* Main.storyboard */; };
		6C2592451F4D8DFD004F094D /* Assets.xcassets in Resources */ = {isa = PBXBuildFile; fileRef = 6C2592441F4D8DFD004F094D /* Assets.xcassets */; };
		6C2592481F4D8DFD004F094D /* LaunchScreen.storyboard in Resources */ = {isa = PBXBuildFile; fileRef = 6C2592461F4D8DFD004F094D /* LaunchScreen.storyboard */; };
		6CA488AA1F4FB96000FD5613 /* UIView+Mansonry_LJC.m in Sources */ = {isa = PBXBuildFile; fileRef = 6CA488A91F4FB96000FD5613 /* UIView+Mansonry_LJC.m */; };
		B6C8274138D1CA6F00A48916 /* libPods-LearnAutolayout.a in Frameworks */ = {isa = PBXBuildFile; fileRef = C6EA7A825BC66BC38F441F1B /* libPods-LearnAutolayout.a */; };
/* End PBXBuildFile section */

/* Begin PBXFileReference section */
		6C2592351F4D8DFD004F094D /* LearnAutolayout.app */ = {isa = PBXFileReference; explicitFileType = wrapper.application; includeInIndex = 0; path = LearnAutolayout.app; sourceTree = BUILT_PRODUCTS_DIR; };
		6C2592391F4D8DFD004F094D /* main.m */ = {isa = PBXFileReference; lastKnownFileType = sourcecode.c.objc; path = main.m; sourceTree = "<group>"; };
		6C25923B1F4D8DFD004F094D /* AppDelegate.h */ = {isa = PBXFileReference; lastKnownFileType = sourcecode.c.h; path = AppDelegate.h; sourceTree = "<group>"; };
		6C25923C1F4D8DFD004F094D /* AppDelegate.m */ = {isa = PBXFileReference; lastKnownFileType = sourcecode.c.objc; path = AppDelegate.m; sourceTree = "<group>"; };
		6C25923E1F4D8DFD004F094D /* ViewController.h */ = {isa = PBXFileReference; lastKnownFileType = sourcecode.c.h; path = ViewController.h; sourceTree = "<group>"; };
		6C25923F1F4D8DFD004F094D /* ViewController.m */ = {isa = PBXFileReference; lastKnownFileType = sourcecode.c.objc; path = ViewController.m; sourceTree = "<group>"; };
		6C2592421F4D8DFD004F094D /* Base */ = {isa = PBXFileReference; lastKnownFileType = file.storyboard; name = Base; path = Base.lproj/Main.storyboard; sourceTree = "<group>"; };
		6C2592441F4D8DFD004F094D /* Assets.xcassets */ = {isa = PBXFileReference; lastKnownFileType = folder.assetcatalog; path = Assets.xcassets; sourceTree = "<group>"; };
		6C2592471F4D8DFD004F094D /* Base */ = {isa = PBXFileReference; lastKnownFileType = file.storyboard; name = Base; path = Base.lproj/LaunchScreen.storyboard; sourceTree = "<group>"; };
		6C2592491F4D8DFD004F094D /* Info.plist */ = {isa = PBXFileReference; lastKnownFileType = text.plist.xml; path = Info.plist; sourceTree = "<group>"; };
		6CA488A81F4FB96000FD5613 /* UIView+Mansonry_LJC.h */ = {isa = PBXFileReference; fileEncoding = 4; lastKnownFileType = sourcecode.c.h; path = "UIView+Mansonry_LJC.h"; sourceTree = "<group>"; };
		6CA488A91F4FB96000FD5613 /* UIView+Mansonry_LJC.m */ = {isa = PBXFileReference; fileEncoding = 4; lastKnownFileType = sourcecode.c.objc; path = "UIView+Mansonry_LJC.m"; sourceTree = "<group>"; };
		C6EA7A825BC66BC38F441F1B /* libPods-LearnAutolayout.a */ = {isa = PBXFileReference; explicitFileType = archive.ar; includeInIndex = 0; path = "libPods-LearnAutolayout.a"; sourceTree = BUILT_PRODUCTS_DIR; };
		D4FEF168794B210D78AFA0BE /* Pods-LearnAutolayout.debug.xcconfig */ = {isa = PBXFileReference; includeInIndex = 1; lastKnownFileType = text.xcconfig; name = "Pods-LearnAutolayout.debug.xcconfig"; path = "Pods/Target Support Files/Pods-LearnAutolayout/Pods-LearnAutolayout.debug.xcconfig"; sourceTree = "<group>"; };
		F5EC0582A912A28B2DA5742C /* Pods-LearnAutolayout.release.xcconfig */ = {isa = PBXFileReference; includeInIndex = 1; lastKnownFileType = text.xcconfig; name = "Pods-LearnAutolayout.release.xcconfig"; path = "Pods/Target Support Files/Pods-LearnAutolayout/Pods-LearnAutolayout.release.xcconfig"; sourceTree = "<group>"; };
/* End PBXFileReference section */

/* Begin PBXFrameworksBuildPhase section */
		6C2592321F4D8DFD004F094D /* Frameworks */ = {
			isa = PBXFrameworksBuildPhase;
			buildActionMask = 2147483647;
			files = (
				B6C8274138D1CA6F00A48916 /* libPods-LearnAutolayout.a in Frameworks */,
			);
			runOnlyForDeploymentPostprocessing = 0;
		};
/* End PBXFrameworksBuildPhase section */

/* Begin PBXGroup section */
		6C25922C1F4D8DFD004F094D = {
			isa = PBXGroup;
			children = (
				6C2592371F4D8DFD004F094D /* LearnAutolayout */,
				6C2592361F4D8DFD004F094D /* Products */,
				9FA89CB0278FF53FA4AF0A07 /* Pods */,
				CFA5D93BC66CD4EDAF3E2A4A /* Frameworks */,
			);
			sourceTree = "<group>";
		};
		6C2592361F4D8DFD004F094D /* Products */ = {
			isa = PBXGroup;
			children = (
				6C2592351F4D8DFD004F094D /* LearnAutolayout.app */,
			);
			name = Products;
			sourceTree = "<group>";
		};
		6C2592371F4D8DFD004F094D /* LearnAutolayout */ = {
			isa = PBXGroup;
			children = (
				6C25923B1F4D8DFD004F094D /* AppDelegate.h */,
				6C25923C1F4D8DFD004F094D /* AppDelegate.m */,
				6C25923E1F4D8DFD004F094D /* ViewController.h */,
				6C25923F1F4D8DFD004F094D /* ViewController.m */,
				6CA488A81F4FB96000FD5613 /* UIView+Mansonry_LJC.h */,
				6CA488A91F4FB96000FD5613 /* UIView+Mansonry_LJC.m */,
				6C2592411F4D8DFD004F094D /* Main.storyboard */,
				6C2592441F4D8DFD004F094D /* Assets.xcassets */,
				6C2592461F4D8DFD004F094D /* LaunchScreen.storyboard */,
				6C2592491F4D8DFD004F094D /* Info.plist */,
				6C2592381F4D8DFD004F094D /* Supporting Files */,
			);
			path = LearnAutolayout;
			sourceTree = "<group>";
		};
		6C2592381F4D8DFD004F094D /* Supporting Files */ = {
			isa = PBXGroup;
			children = (
				6C2592391F4D8DFD004F094D /* main.m */,
			);
			name = "Supporting Files";
			sourceTree = "<group>";
		};
		9FA89CB0278FF53FA4AF0A07 /* Pods */ = {
			isa = PBXGroup;
			children = (
				D4FEF168794B210D78AFA0BE /* Pods-LearnAutolayout.debug.xcconfig */,
				F5EC0582A912A28B2DA5742C /* Pods-LearnAutolayout.release.xcconfig */,
			);
			name = Pods;
			sourceTree = "<group>";
		};
		CFA5D93BC66CD4EDAF3E2A4A /* Frameworks */ = {
			isa = PBXGroup;
			children = (
				C6EA7A825BC66BC38F441F1B /* libPods-LearnAutolayout.a */,
			);
			name = Frameworks;
			sourceTree = "<group>";
		};
/* End PBXGroup section */

/* Begin PBXNativeTarget section */
		6C2592341F4D8DFD004F094D /* LearnAutolayout */ = {
			isa = PBXNativeTarget;
			buildConfigurationList = 6C25924C1F4D8DFD004F094D /* Build configuration list for PBXNativeTarget "LearnAutolayout" */;
			buildPhases = (
				48DDE5360CDFFEC007D630B4 /* [CP] Check Pods Manifest.lock */,
				6C2592311F4D8DFD004F094D /* Sources */,
				6C2592321F4D8DFD004F094D /* Frameworks */,
				6C2592331F4D8DFD004F094D /* Resources */,
				176045C001BF6FABE99D64FC /* [CP] Embed Pods Frameworks */,
				246684974A920DE50D36B1A2 /* [CP] Copy Pods Resources */,
			);
			buildRules = (
			);
			dependencies = (
			);
			name = LearnAutolayout;
			productName = LearnAutolayout;
			productReference = 6C2592351F4D8DFD004F094D /* LearnAutolayout.app */;
			productType = "com.apple.product-type.application";
		};
/* End PBXNativeTarget section */

/* Begin PBXProject section */
		6C25922D1F4D8DFD004F094D /* Project object */ = {
			isa = PBXProject;
			attributes = {
				LastUpgradeCheck = 0830;
				ORGANIZATIONNAME = alldk;
				TargetAttributes = {
					6C2592341F4D8DFD004F094D = {
						CreatedOnToolsVersion = 8.3.3;
						DevelopmentTeam = QGJ65HGR22;
						ProvisioningStyle = Automatic;
					};
				};
			};
			buildConfigurationList = 6C2592301F4D8DFD004F094D /* Build configuration list for PBXProject "LearnAutolayout" */;
			compatibilityVersion = "Xcode 3.2";
			developmentRegion = English;
			hasScannedForEncodings = 0;
			knownRegions = (
				en,
				Base,
			);
			mainGroup = 6C25922C1F4D8DFD004F094D;
			productRefGroup = 6C2592361F4D8DFD004F094D /* Products */;
			projectDirPath = "";
			projectRoot = "";
			targets = (
				6C2592341F4D8DFD004F094D /* LearnAutolayout */,
			);
		};
/* End PBXProject section */

/* Begin PBXResourcesBuildPhase section */
		6C2592331F4D8DFD004F094D /* Resources */ = {
			isa = PBXResourcesBuildPhase;
			buildActionMask = 2147483647;
			files = (
				6C2592481F4D8DFD004F094D /* LaunchScreen.storyboard in Resources */,
				6C2592451F4D8DFD004F094D /* Assets.xcassets in Resources */,
				6C2592431F4D8DFD004F094D /* Main.storyboard in Resources */,
			);
			runOnlyForDeploymentPostprocessing = 0;
		};
/* End PBXResourcesBuildPhase section */

/* Begin PBXShellScriptBuildPhase section */
		176045C001BF6FABE99D64FC /* [CP] Embed Pods Frameworks */ = {
			isa = PBXShellScriptBuildPhase;
			buildActionMask = 2147483647;
			files = (
			);
			inputPaths = (
			);
			name = "[CP] Embed Pods Frameworks";
			outputPaths = (
			);
			runOnlyForDeploymentPostprocessing = 0;
			shellPath = /bin/sh;
			shellScript = "\"${SRCROOT}/Pods/Target Support Files/Pods-LearnAutolayout/Pods-LearnAutolayout-frameworks.sh\"\n";
			showEnvVarsInLog = 0;
		};
		246684974A920DE50D36B1A2 /* [CP] Copy Pods Resources */ = {
			isa = PBXShellScriptBuildPhase;
			buildActionMask = 2147483647;
			files = (
			);
			inputPaths = (
			);
			name = "[CP] Copy Pods Resources";
			outputPaths = (
			);
			runOnlyForDeploymentPostprocessing = 0;
			shellPath = /bin/sh;
			shellScript = "\"${SRCROOT}/Pods/Target Support Files/Pods-LearnAutolayout/Pods-LearnAutolayout-resources.sh\"\n";
			showEnvVarsInLog = 0;
		};
		48DDE5360CDFFEC007D630B4 /* [CP] Check Pods Manifest.lock */ = {
			isa = PBXShellScriptBuildPhase;
			buildActionMask = 2147483647;
			files = (
			);
			inputPaths = (
			);
			name = "[CP] Check Pods Manifest.lock";
			outputPaths = (
			);
			runOnlyForDeploymentPostprocessing = 0;
			shellPath = /bin/sh;
			shellScript = "diff \"${PODS_ROOT}/../Podfile.lock\" \"${PODS_ROOT}/Manifest.lock\" > /dev/null\nif [ $? != 0 ] ; then\n    # print error to STDERR\n    echo \"error: The sandbox is not in sync with the Podfile.lock. Run 'pod install' or update your CocoaPods installation.\" >&2\n    exit 1\nfi\n";
			showEnvVarsInLog = 0;
		};
/* End PBXShellScriptBuildPhase section */

/* Begin PBXSourcesBuildPhase section */
		6C2592311F4D8DFD004F094D /* Sources */ = {
			isa = PBXSourcesBuildPhase;
			buildActionMask = 2147483647;
			files = (
				6C2592401F4D8DFD004F094D /* ViewController.m in Sources */,
				6C25923D1F4D8DFD004F094D /* AppDelegate.m in Sources */,
				6C25923A1F4D8DFD004F094D /* main.m in Sources */,
				6CA488AA1F4FB96000FD5613 /* UIView+Mansonry_LJC.m in Sources */,
			);
			runOnlyForDeploymentPostprocessing = 0;
		};
/* End PBXSourcesBuildPhase section */

/* Begin PBXVariantGroup section */
		6C2592411F4D8DFD004F094D /* Main.storyboard */ = {
			isa = PBXVariantGroup;
			children = (
				6C2592421F4D8DFD004F094D /* Base */,
			);
			name = Main.storyboard;
			sourceTree = "<group>";
		};
		6C2592461F4D8DFD004F094D /* LaunchScreen.storyboard */ = {
			isa = PBXVariantGroup;
			children = (
				6C2592471F4D8DFD004F094D /* Base */,
			);
			name = LaunchScreen.storyboard;
			sourceTree = "<group>";
		};
/* End PBXVariantGroup section */

/* Begin XCBuildConfiguration section */
		6C25924A1F4D8DFD004F094D /* Debug */ = {
			isa = XCBuildConfiguration;
			buildSettings = {
				ALWAYS_SEARCH_USER_PATHS = NO;
				CLANG_ANALYZER_NONNULL = YES;
				CLANG_ANALYZER_NUMBER_OBJECT_CONVERSION = YES_AGGRESSIVE;
				CLANG_CXX_LANGUAGE_STANDARD = "gnu++0x";
				CLANG_CXX_LIBRARY = "libc++";
				CLANG_ENABLE_MODULES = YES;
				CLANG_ENABLE_OBJC_ARC = YES;
				CLANG_WARN_BOOL_CONVERSION = YES;
				CLANG_WARN_CONSTANT_CONVERSION = YES;
				CLANG_WARN_DIRECT_OBJC_ISA_USAGE = YES_ERROR;
				CLANG_WARN_DOCUMENTATION_COMMENTS = YES;
				CLANG_WARN_EMPTY_BODY = YES;
				CLANG_WARN_ENUM_CONVERSION = YES;
				CLANG_WARN_INFINITE_RECURSION = YES;
				CLANG_WARN_INT_CONVERSION = YES;
				CLANG_WARN_OBJC_ROOT_CLASS = YES_ERROR;
				CLANG_WARN_SUSPICIOUS_MOVE = YES;
				CLANG_WARN_UNREACHABLE_CODE = YES;
				CLANG_WARN__DUPLICATE_METHOD_MATCH = YES;
				"CODE_SIGN_IDENTITY[sdk=iphoneos*]" = "iPhone Developer";
				COPY_PHASE_STRIP = NO;
				DEBUG_INFORMATION_FORMAT = dwarf;
				ENABLE_STRICT_OBJC_MSGSEND = YES;
				ENABLE_TESTABILITY = YES;
				GCC_C_LANGUAGE_STANDARD = gnu99;
				GCC_DYNAMIC_NO_PIC = NO;
				GCC_NO_COMMON_BLOCKS = YES;
				GCC_OPTIMIZATION_LEVEL = 0;
				GCC_PREPROCESSOR_DEFINITIONS = (
					"DEBUG=1",
					"$(inherited)",
				);
				GCC_WARN_64_TO_32_BIT_CONVERSION = YES;
				GCC_WARN_ABOUT_RETURN_TYPE = YES_ERROR;
				GCC_WARN_UNDECLARED_SELECTOR = YES;
				GCC_WARN_UNINITIALIZED_AUTOS = YES_AGGRESSIVE;
				GCC_WARN_UNUSED_FUNCTION = YES;
				GCC_WARN_UNUSED_VARIABLE = YES;
				IPHONEOS_DEPLOYMENT_TARGET = 10.3;
				MTL_ENABLE_DEBUG_INFO = YES;
				ONLY_ACTIVE_ARCH = YES;
				SDKROOT = iphoneos;
			};
			name = Debug;
		};
		6C25924B1F4D8DFD004F094D /* Release */ = {
			isa = XCBuildConfiguration;
			buildSettings = {
				ALWAYS_SEARCH_USER_PATHS = NO;
				CLANG_ANALYZER_NONNULL = YES;
				CLANG_ANALYZER_NUMBER_OBJECT_CONVERSION = YES_AGGRESSIVE;
				CLANG_CXX_LANGUAGE_STANDARD = "gnu++0x";
				CLANG_CXX_LIBRARY = "libc++";
				CLANG_ENABLE_MODULES = YES;
				CLANG_ENABLE_OBJC_ARC = YES;
				CLANG_WARN_BOOL_CONVERSION = YES;
				CLANG_WARN_CONSTANT_CONVERSION = YES;
				CLANG_WARN_DIRECT_OBJC_ISA_USAGE = YES_ERROR;
				CLANG_WARN_DOCUMENTATION_COMMENTS = YES;
				CLANG_WARN_EMPTY_BODY = YES;
				CLANG_WARN_ENUM_CONVERSION = YES;
				CLANG_WARN_INFINITE_RECURSION = YES;
				CLANG_WARN_INT_CONVERSION = YES;
				CLANG_WARN_OBJC_ROOT_CLASS = YES_ERROR;
				CLANG_WARN_SUSPICIOUS_MOVE = YES;
				CLANG_WARN_UNREACHABLE_CODE = YES;
				CLANG_WARN__DUPLICATE_METHOD_MATCH = YES;
				"CODE_SIGN_IDENTITY[sdk=iphoneos*]" = "iPhone Developer";
				COPY_PHASE_STRIP = NO;
				DEBUG_INFORMATION_FORMAT = "dwarf-with-dsym";
				ENABLE_NS_ASSERTIONS = NO;
				ENABLE_STRICT_OBJC_MSGSEND = YES;
				GCC_C_LANGUAGE_STANDARD = gnu99;
				GCC_NO_COMMON_BLOCKS = YES;
				GCC_WARN_64_TO_32_BIT_CONVERSION = YES;
				GCC_WARN_ABOUT_RETURN_TYPE = YES_ERROR;
				GCC_WARN_UNDECLARED_SELECTOR = YES;
				GCC_WARN_UNINITIALIZED_AUTOS = YES_AGGRESSIVE;
				GCC_WARN_UNUSED_FUNCTION = YES;
				GCC_WARN_UNUSED_VARIABLE = YES;
				IPHONEOS_DEPLOYMENT_TARGET = 10.3;
				MTL_ENABLE_DEBUG_INFO = NO;
				SDKROOT = iphoneos;
				VALIDATE_PRODUCT = YES;
			};
			name = Release;
		};
		6C25924D1F4D8DFD004F094D /* Debug */ = {
			isa = XCBuildConfiguration;
			baseConfigurationReference = D4FEF168794B210D78AFA0BE /* Pods-LearnAutolayout.debug.xcconfig */;
			buildSettings = {
				ASSETCATALOG_COMPILER_APPICON_NAME = AppIcon;
				DEVELOPMENT_TEAM = QGJ65HGR22;
				INFOPLIST_FILE = LearnAutolayout/Info.plist;
				LD_RUNPATH_SEARCH_PATHS = "$(inherited) @executable_path/Frameworks";
				PRODUCT_BUNDLE_IDENTIFIER = com.alldk.LearnAutolayout;
				PRODUCT_NAME = "$(TARGET_NAME)";
			};
			name = Debug;
		};
		6C25924E1F4D8DFD004F094D /* Release */ = {
			isa = XCBuildConfiguration;
			baseConfigurationReference = F5EC0582A912A28B2DA5742C /* Pods-LearnAutolayout.release.xcconfig */;
			buildSettings = {
				ASSETCATALOG_COMPILER_APPICON_NAME = AppIcon;
				DEVELOPMENT_TEAM = QGJ65HGR22;
				INFOPLIST_FILE = LearnAutolayout/Info.plist;
				LD_RUNPATH_SEARCH_PATHS = "$(inherited) @executable_path/Frameworks";
				PRODUCT_BUNDLE_IDENTIFIER = com.alldk.LearnAutolayout;
				PRODUCT_NAME = "$(TARGET_NAME)";
			};
			name = Release;
		};
/* End XCBuildConfiguration section */

/* Begin XCConfigurationList section */
		6C2592301F4D8DFD004F094D /* Build configuration list for PBXProject "LearnAutolayout" */ = {
			isa = XCConfigurationList;
			buildConfigurations = (
				6C25924A1F4D8DFD004F094D /* Debug */,
				6C25924B1F4D8DFD004F094D /* Release */,
			);
			defaultConfigurationIsVisible = 0;
			defaultConfigurationName = Release;
		};
		6C25924C1F4D8DFD004F094D /* Build configuration list for PBXNativeTarget "LearnAutolayout" */ = {
			isa = XCConfigurationList;
			buildConfigurations = (
				6C25924D1F4D8DFD004F094D /* Debug */,
				6C25924E1F4D8DFD004F094D /* Release */,
			);
			defaultConfigurationIsVisible = 0;
			defaultConfigurationName = Release;
		};
/* End XCConfigurationList section */
	};
	rootObject = 6C25922D1F4D8DFD004F094D /* Project object */;
}
